// !$*UTF8*$!
{
	archiveVersion = 1;
	classes = {
	};
	objectVersion = 77;
	objects = {

/* Begin PBXBuildFile section */
		1D7D41812E4B356800BFF451 /* Clarity in Frameworks */ = {isa = PBXBuildFile; productRef = 1D7D41802E4B356800BFF451 /* Clarity */; };
/* End PBXBuildFile section */

/* Begin PBXContainerItemProxy section */
		1D76C4762E401F24009481A3 /* PBXContainerItemProxy */ = {
			isa = PBXContainerItemProxy;
			containerPortal = 1D76C45B2E401F22009481A3 /* Project object */;
			proxyType = 1;
			remoteGlobalIDString = 1D76C4622E401F22009481A3;
			remoteInfo = PromptPilot;
		};
		1D76C4802E401F24009481A3 /* PBXContainerItemProxy */ = {
			isa = PBXContainerItemProxy;
			containerPortal = 1D76C45B2E401F22009481A3 /* Project object */;
			proxyType = 1;
			remoteGlobalIDString = 1D76C4622E401F22009481A3;
			remoteInfo = PromptPilot;
		};
/* End PBXContainerItemProxy section */

/* Begin PBXFileReference section */
		1D76C4632E401F22009481A3 /* PromptPilot.app */ = {isa = PBXFileReference; explicitFileType = wrapper.application; includeInIndex = 0; path = PromptPilot.app; sourceTree = BUILT_PRODUCTS_DIR; };
		1D76C4752E401F24009481A3 /* PromptPilotTests.xctest */ = {isa = PBXFileReference; explicitFileType = wrapper.cfbundle; includeInIndex = 0; path = PromptPilotTests.xctest; sourceTree = BUILT_PRODUCTS_DIR; };
		1D76C47F2E401F24009481A3 /* PromptPilotUITests.xctest */ = {isa = PBXFileReference; explicitFileType = wrapper.cfbundle; includeInIndex = 0; path = PromptPilotUITests.xctest; sourceTree = BUILT_PRODUCTS_DIR; };
/* End PBXFileReference section */

/* Begin PBXFileSystemSynchronizedRootGroup section */
		1D76C4652E401F22009481A3 /* PromptPilot */ = {
			isa = PBXFileSystemSynchronizedRootGroup;
			path = PromptPilot;
			sourceTree = "<group>";
		};
		1D76C4782E401F24009481A3 /* PromptPilotTests */ = {
			isa = PBXFileSystemSynchronizedRootGroup;
			path = PromptPilotTests;
			sourceTree = "<group>";
		};
		1D76C4822E401F24009481A3 /* PromptPilotUITests */ = {
			isa = PBXFileSystemSynchronizedRootGroup;
			path = PromptPilotUITests;
			sourceTree = "<group>";
		};
/* End PBXFileSystemSynchronizedRootGroup section */

/* Begin PBXFrameworksBuildPhase section */
		1D76C4602E401F22009481A3 /* Frameworks */ = {
			isa = PBXFrameworksBuildPhase;
			buildActionMask = 2147483647;
			files = (
				1D7D41812E4B356800BFF451 /* Clarity in Frameworks */,
			);
			runOnlyForDeploymentPostprocessing = 0;
		};
		1D76C4722E401F24009481A3 /* Frameworks */ = {
			isa = PBXFrameworksBuildPhase;
			buildActionMask = 2147483647;
			files = (
			);
			runOnlyForDeploymentPostprocessing = 0;
		};
		1D76C47C2E401F24009481A3 /* Frameworks */ = {
			isa = PBXFrameworksBuildPhase;
			buildActionMask = 2147483647;
			files = (
			);
			runOnlyForDeploymentPostprocessing = 0;
		};
/* End PBXFrameworksBuildPhase section */

/* Begin PBXGroup section */
		1D76C45A2E401F22009481A3 = {
			isa = PBXGroup;
			children = (
				1D76C4652E401F22009481A3 /* PromptPilot */,
				1D76C4782E401F24009481A3 /* PromptPilotTests */,
				1D76C4822E401F24009481A3 /* PromptPilotUITests */,
				1D7D417F2E4B356800BFF451 /* Frameworks */,
				1D76C4642E401F22009481A3 /* Products */,
			);
			sourceTree = "<group>";
		};
		1D76C4642E401F22009481A3 /* Products */ = {
			isa = PBXGroup;
			children = (
				1D76C4632E401F22009481A3 /* PromptPilot.app */,
				1D76C4752E401F24009481A3 /* PromptPilotTests.xctest */,
				1D76C47F2E401F24009481A3 /* PromptPilotUITests.xctest */,
			);
			name = Products;
			sourceTree = "<group>";
		};
		1D7D417F2E4B356800BFF451 /* Frameworks */ = {
			isa = PBXGroup;
			children = (
			);
			name = Frameworks;
			sourceTree = "<group>";
		};
/* End PBXGroup section */

/* Begin PBXNativeTarget section */
		1D76C4622E401F22009481A3 /* PromptPilot */ = {
			isa = PBXNativeTarget;
			buildConfigurationList = 1D76C4892E401F24009481A3 /* Build configuration list for PBXNativeTarget "PromptPilot" */;
			buildPhases = (
				1D76C45F2E401F22009481A3 /* Sources */,
				1D76C4602E401F22009481A3 /* Frameworks */,
				1D76C4612E401F22009481A3 /* Resources */,
			);
			buildRules = (
			);
			dependencies = (
			);
			fileSystemSynchronizedGroups = (
				1D76C4652E401F22009481A3 /* PromptPilot */,
			);
			name = PromptPilot;
			packageProductDependencies = (
				1D7D41802E4B356800BFF451 /* Clarity */,
			);
			productName = PromptPilot;
			productReference = 1D76C4632E401F22009481A3 /* PromptPilot.app */;
			productType = "com.apple.product-type.application";
		};
		1D76C4742E401F24009481A3 /* PromptPilotTests */ = {
			isa = PBXNativeTarget;
			buildConfigurationList = 1D76C48C2E401F24009481A3 /* Build configuration list for PBXNativeTarget "PromptPilotTests" */;
			buildPhases = (
				1D76C4712E401F24009481A3 /* Sources */,
				1D76C4722E401F24009481A3 /* Frameworks */,
				1D76C4732E401F24009481A3 /* Resources */,
			);
			buildRules = (
			);
			dependencies = (
				1D76C4772E401F24009481A3 /* PBXTargetDependency */,
			);
			fileSystemSynchronizedGroups = (
				1D76C4782E401F24009481A3 /* PromptPilotTests */,
			);
			name = PromptPilotTests;
			packageProductDependencies = (
			);
			productName = PromptPilotTests;
			productReference = 1D76C4752E401F24009481A3 /* PromptPilotTests.xctest */;
			productType = "com.apple.product-type.bundle.unit-test";
		};
		1D76C47E2E401F24009481A3 /* PromptPilotUITests */ = {
			isa = PBXNativeTarget;
			buildConfigurationList = 1D76C48F2E401F24009481A3 /* Build configuration list for PBXNativeTarget "PromptPilotUITests" */;
			buildPhases = (
				1D76C47B2E401F24009481A3 /* Sources */,
				1D76C47C2E401F24009481A3 /* Frameworks */,
				1D76C47D2E401F24009481A3 /* Resources */,
			);
			buildRules = (
			);
			dependencies = (
				1D76C4812E401F24009481A3 /* PBXTargetDependency */,
			);
			fileSystemSynchronizedGroups = (
				1D76C4822E401F24009481A3 /* PromptPilotUITests */,
			);
			name = PromptPilotUITests;
			packageProductDependencies = (
			);
			productName = PromptPilotUITests;
			productReference = 1D76C47F2E401F24009481A3 /* PromptPilotUITests.xctest */;
			productType = "com.apple.product-type.bundle.ui-testing";
		};
/* End PBXNativeTarget section */

/* Begin PBXProject section */
		1D76C45B2E401F22009481A3 /* Project object */ = {
			isa = PBXProject;
			attributes = {
				BuildIndependentTargetsInParallel = 1;
				LastSwiftUpdateCheck = 1640;
				LastUpgradeCheck = 1640;
				TargetAttributes = {
					1D76C4622E401F22009481A3 = {
						CreatedOnToolsVersion = 16.4;
					};
					1D76C4742E401F24009481A3 = {
						CreatedOnToolsVersion = 16.4;
						TestTargetID = 1D76C4622E401F22009481A3;
					};
					1D76C47E2E401F24009481A3 = {
						CreatedOnToolsVersion = 16.4;
						TestTargetID = 1D76C4622E401F22009481A3;
					};
				};
			};
			buildConfigurationList = 1D76C45E2E401F22009481A3 /* Build configuration list for PBXProject "PromptPilot" */;
			developmentRegion = en;
			hasScannedForEncodings = 0;
			knownRegions = (
				en,
				Base,
			);
			mainGroup = 1D76C45A2E401F22009481A3;
			minimizedProjectReferenceProxies = 1;
			packageReferences = (
				1D7D417E2E4B355700BFF451 /* XCRemoteSwiftPackageReference "clarity-apps" */,
			);
			preferredProjectObjectVersion = 77;
			productRefGroup = 1D76C4642E401F22009481A3 /* Products */;
			projectDirPath = "";
			projectRoot = "";
			targets = (
				1D76C4622E401F22009481A3 /* PromptPilot */,
				1D76C4742E401F24009481A3 /* PromptPilotTests */,
				1D76C47E2E401F24009481A3 /* PromptPilotUITests */,
			);
		};
/* End PBXProject section */

/* Begin PBXResourcesBuildPhase section */
		1D76C4612E401F22009481A3 /* Resources */ = {
			isa = PBXResourcesBuildPhase;
			buildActionMask = 2147483647;
			files = (
			);
			runOnlyForDeploymentPostprocessing = 0;
		};
		1D76C4732E401F24009481A3 /* Resources */ = {
			isa = PBXResourcesBuildPhase;
			buildActionMask = 2147483647;
			files = (
			);
			runOnlyForDeploymentPostprocessing = 0;
		};
		1D76C47D2E401F24009481A3 /* Resources */ = {
			isa = PBXResourcesBuildPhase;
			buildActionMask = 2147483647;
			files = (
			);
			runOnlyForDeploymentPostprocessing = 0;
		};
/* End PBXResourcesBuildPhase section */

/* Begin PBXSourcesBuildPhase section */
		1D76C45F2E401F22009481A3 /* Sources */ = {
			isa = PBXSourcesBuildPhase;
			buildActionMask = 2147483647;
			files = (
			);
			runOnlyForDeploymentPostprocessing = 0;
		};
		1D76C4712E401F24009481A3 /* Sources */ = {
			isa = PBXSourcesBuildPhase;
			buildActionMask = 2147483647;
			files = (
			);
			runOnlyForDeploymentPostprocessing = 0;
		};
		1D76C47B2E401F24009481A3 /* Sources */ = {
			isa = PBXSourcesBuildPhase;
			buildActionMask = 2147483647;
			files = (
			);
			runOnlyForDeploymentPostprocessing = 0;
		};
/* End PBXSourcesBuildPhase section */

/* Begin PBXTargetDependency section */
		1D76C4772E401F24009481A3 /* PBXTargetDependency */ = {
			isa = PBXTargetDependency;
			target = 1D76C4622E401F22009481A3 /* PromptPilot */;
			targetProxy = 1D76C4762E401F24009481A3 /* PBXContainerItemProxy */;
		};
		1D76C4812E401F24009481A3 /* PBXTargetDependency */ = {
			isa = PBXTargetDependency;
			target = 1D76C4622E401F22009481A3 /* PromptPilot */;
			targetProxy = 1D76C4802E401F24009481A3 /* PBXContainerItemProxy */;
		};
/* End PBXTargetDependency section */

/* Begin XCBuildConfiguration section */
		1D76C4872E401F24009481A3 /* Debug */ = {
			isa = XCBuildConfiguration;
			buildSettings = {
				ALWAYS_SEARCH_USER_PATHS = NO;
				ASSETCATALOG_COMPILER_GENERATE_SWIFT_ASSET_SYMBOL_EXTENSIONS = YES;
				CLANG_ANALYZER_NONNULL = YES;
				CLANG_ANALYZER_NUMBER_OBJECT_CONVERSION = YES_AGGRESSIVE;
				CLANG_CXX_LANGUAGE_STANDARD = "gnu++20";
				CLANG_ENABLE_MODULES = YES;
				CLANG_ENABLE_OBJC_ARC = YES;
				CLANG_ENABLE_OBJC_WEAK = YES;
				CLANG_WARN_BLOCK_CAPTURE_AUTORELEASING = YES;
				CLANG_WARN_BOOL_CONVERSION = YES;
				CLANG_WARN_COMMA = YES;
				CLANG_WARN_CONSTANT_CONVERSION = YES;
				CLANG_WARN_DEPRECATED_OBJC_IMPLEMENTATIONS = YES;
				CLANG_WARN_DIRECT_OBJC_ISA_USAGE = YES_ERROR;
				CLANG_WARN_DOCUMENTATION_COMMENTS = YES;
				CLANG_WARN_EMPTY_BODY = YES;
				CLANG_WARN_ENUM_CONVERSION = YES;
				CLANG_WARN_INFINITE_RECURSION = YES;
				CLANG_WARN_INT_CONVERSION = YES;
				CLANG_WARN_NON_LITERAL_NULL_CONVERSION = YES;
				CLANG_WARN_OBJC_IMPLICIT_RETAIN_SELF = YES;
				CLANG_WARN_OBJC_LITERAL_CONVERSION = YES;
				CLANG_WARN_OBJC_ROOT_CLASS = YES_ERROR;
				CLANG_WARN_QUOTED_INCLUDE_IN_FRAMEWORK_HEADER = YES;
				CLANG_WARN_RANGE_LOOP_ANALYSIS = YES;
				CLANG_WARN_STRICT_PROTOTYPES = YES;
				CLANG_WARN_SUSPICIOUS_MOVE = YES;
				CLANG_WARN_UNGUARDED_AVAILABILITY = YES_AGGRESSIVE;
				CLANG_WARN_UNREACHABLE_CODE = YES;
				CLANG_WARN__DUPLICATE_METHOD_MATCH = YES;
				COPY_PHASE_STRIP = NO;
				DEBUG_INFORMATION_FORMAT = dwarf;
				DEVELOPMENT_TEAM = A34739LVZN;
				ENABLE_STRICT_OBJC_MSGSEND = YES;
				ENABLE_TESTABILITY = YES;
				ENABLE_USER_SCRIPT_SANDBOXING = YES;
				GCC_C_LANGUAGE_STANDARD = gnu17;
				GCC_DYNAMIC_NO_PIC = NO;
				GCC_NO_COMMON_BLOCKS = YES;
				GCC_OPTIMIZATION_LEVEL = 0;
				GCC_PREPROCESSOR_DEFINITIONS = (
					"DEBUG=1",
					"$(inherited)",
				);
				GCC_WARN_64_TO_32_BIT_CONVERSION = YES;
				GCC_WARN_ABOUT_RETURN_TYPE = YES_ERROR;
				GCC_WARN_UNDECLARED_SELECTOR = YES;
				GCC_WARN_UNINITIALIZED_AUTOS = YES_AGGRESSIVE;
				GCC_WARN_UNUSED_FUNCTION = YES;
				GCC_WARN_UNUSED_VARIABLE = YES;
				IPHONEOS_DEPLOYMENT_TARGET = 18.5;
				LOCALIZATION_PREFERS_STRING_CATALOGS = YES;
				MTL_ENABLE_DEBUG_INFO = INCLUDE_SOURCE;
				MTL_FAST_MATH = YES;
				ONLY_ACTIVE_ARCH = YES;
				SDKROOT = iphoneos;
				SWIFT_ACTIVE_COMPILATION_CONDITIONS = "DEBUG $(inherited)";
				SWIFT_OPTIMIZATION_LEVEL = "-Onone";
			};
			name = Debug;
		};
		1D76C4882E401F24009481A3 /* Release */ = {
			isa = XCBuildConfiguration;
			buildSettings = {
				ALWAYS_SEARCH_USER_PATHS = NO;
				ASSETCATALOG_COMPILER_GENERATE_SWIFT_ASSET_SYMBOL_EXTENSIONS = YES;
				CLANG_ANALYZER_NONNULL = YES;
				CLANG_ANALYZER_NUMBER_OBJECT_CONVERSION = YES_AGGRESSIVE;
				CLANG_CXX_LANGUAGE_STANDARD = "gnu++20";
				CLANG_ENABLE_MODULES = YES;
				CLANG_ENABLE_OBJC_ARC = YES;
				CLANG_ENABLE_OBJC_WEAK = YES;
				CLANG_WARN_BLOCK_CAPTURE_AUTORELEASING = YES;
				CLANG_WARN_BOOL_CONVERSION = YES;
				CLANG_WARN_COMMA = YES;
				CLANG_WARN_CONSTANT_CONVERSION = YES;
				CLANG_WARN_DEPRECATED_OBJC_IMPLEMENTATIONS = YES;
				CLANG_WARN_DIRECT_OBJC_ISA_USAGE = YES_ERROR;
				CLANG_WARN_DOCUMENTATION_COMMENTS = YES;
				CLANG_WARN_EMPTY_BODY = YES;
				CLANG_WARN_ENUM_CONVERSION = YES;
				CLANG_WARN_INFINITE_RECURSION = YES;
				CLANG_WARN_INT_CONVERSION = YES;
				CLANG_WARN_NON_LITERAL_NULL_CONVERSION = YES;
				CLANG_WARN_OBJC_IMPLICIT_RETAIN_SELF = YES;
				CLANG_WARN_OBJC_LITERAL_CONVERSION = YES;
				CLANG_WARN_OBJC_ROOT_CLASS = YES_ERROR;
				CLANG_WARN_QUOTED_INCLUDE_IN_FRAMEWORK_HEADER = YES;
				CLANG_WARN_RANGE_LOOP_ANALYSIS = YES;
				CLANG_WARN_STRICT_PROTOTYPES = YES;
				CLANG_WARN_SUSPICIOUS_MOVE = YES;
				CLANG_WARN_UNGUARDED_AVAILABILITY = YES_AGGRESSIVE;
				CLANG_WARN_UNREACHABLE_CODE = YES;
				CLANG_WARN__DUPLICATE_METHOD_MATCH = YES;
				COPY_PHASE_STRIP = NO;
				DEBUG_INFORMATION_FORMAT = "dwarf-with-dsym";
				DEVELOPMENT_TEAM = A34739LVZN;
				ENABLE_NS_ASSERTIONS = NO;
				ENABLE_STRICT_OBJC_MSGSEND = YES;
				ENABLE_USER_SCRIPT_SANDBOXING = YES;
				GCC_C_LANGUAGE_STANDARD = gnu17;
				GCC_NO_COMMON_BLOCKS = YES;
				GCC_WARN_64_TO_32_BIT_CONVERSION = YES;
				GCC_WARN_ABOUT_RETURN_TYPE = YES_ERROR;
				GCC_WARN_UNDECLARED_SELECTOR = YES;
				GCC_WARN_UNINITIALIZED_AUTOS = YES_AGGRESSIVE;
				GCC_WARN_UNUSED_FUNCTION = YES;
				GCC_WARN_UNUSED_VARIABLE = YES;
				IPHONEOS_DEPLOYMENT_TARGET = 18.5;
				LOCALIZATION_PREFERS_STRING_CATALOGS = YES;
				MTL_ENABLE_DEBUG_INFO = NO;
				MTL_FAST_MATH = YES;
				SDKROOT = iphoneos;
				SWIFT_COMPILATION_MODE = wholemodule;
				VALIDATE_PRODUCT = YES;
			};
			name = Release;
		};
		1D76C48A2E401F24009481A3 /* Debug */ = {
			isa = XCBuildConfiguration;
			buildSettings = {
				ASSETCATALOG_COMPILER_APPICON_NAME = AppIcon;
				ASSETCATALOG_COMPILER_GLOBAL_ACCENT_COLOR_NAME = AccentColor;
				CODE_SIGN_STYLE = Automatic;
				CURRENT_PROJECT_VERSION = 1;
				DEVELOPMENT_TEAM = A34739LVZN;
				ENABLE_PREVIEWS = YES;
				GENERATE_INFOPLIST_FILE = YES;
				INFOPLIST_KEY_LSApplicationCategoryType = "public.app-category.productivity";
				INFOPLIST_KEY_UIApplicationSceneManifest_Generation = YES;
				INFOPLIST_KEY_UIApplicationSupportsIndirectInputEvents = YES;
				INFOPLIST_KEY_UILaunchScreen_Generation = YES;
				INFOPLIST_KEY_UISupportedInterfaceOrientations_iPad = "UIInterfaceOrientationPortrait UIInterfaceOrientationPortraitUpsideDown UIInterfaceOrientationLandscapeLeft UIInterfaceOrientationLandscapeRight";
				INFOPLIST_KEY_UISupportedInterfaceOrientations_iPhone = "UIInterfaceOrientationPortrait UIInterfaceOrientationLandscapeLeft UIInterfaceOrientationLandscapeRight";
				LD_RUNPATH_SEARCH_PATHS = (
					"$(inherited)",
					"@executable_path/Frameworks",
				);
				MARKETING_VERSION = 1.2;
				PRODUCT_BUNDLE_IDENTIFIER = com.mergisi.PromptPilot.PromptPilot;
				PRODUCT_NAME = "$(TARGET_NAME)";
				SWIFT_EMIT_LOC_STRINGS = YES;
				SWIFT_VERSION = 5.0;
				TARGETED_DEVICE_FAMILY = "1,2";
			};
			name = Debug;
		};
		1D76C48B2E401F24009481A3 /* Release */ = {
			isa = XCBuildConfiguration;
			buildSettings = {
				ASSETCATALOG_COMPILER_APPICON_NAME = AppIcon;
				ASSETCATALOG_COMPILER_GLOBAL_ACCENT_COLOR_NAME = AccentColor;
				CODE_SIGN_STYLE = Automatic;
				CURRENT_PROJECT_VERSION = 1;
				DEVELOPMENT_TEAM = A34739LVZN;
				ENABLE_PREVIEWS = YES;
				GENERATE_INFOPLIST_FILE = YES;
				INFOPLIST_KEY_LSApplicationCategoryType = "public.app-category.productivity";
				INFOPLIST_KEY_UIApplicationSceneManifest_Generation = YES;
				INFOPLIST_KEY_UIApplicationSupportsIndirectInputEvents = YES;
				INFOPLIST_KEY_UILaunchScreen_Generation = YES;
				INFOPLIST_KEY_UISupportedInterfaceOrientations_iPad = "UIInterfaceOrientationPortrait UIInterfaceOrientationPortraitUpsideDown UIInterfaceOrientationLandscapeLeft UIInterfaceOrientationLandscapeRight";
				INFOPLIST_KEY_UISupportedInterfaceOrientations_iPhone = "UIInterfaceOrientationPortrait UIInterfaceOrientationLandscapeLeft UIInterfaceOrientationLandscapeRight";
				LD_RUNPATH_SEARCH_PATHS = (
					"$(inherited)",
					"@executable_path/Frameworks",
				);
				MARKETING_VERSION = 1.2;
				PRODUCT_BUNDLE_IDENTIFIER = com.mergisi.PromptPilot.PromptPilot;
				PRODUCT_NAME = "$(TARGET_NAME)";
				SWIFT_EMIT_LOC_STRINGS = YES;
				SWIFT_VERSION = 5.0;
				TARGETED_DEVICE_FAMILY = "1,2";
			};
			name = Release;
		};
		1D76C48D2E401F24009481A3 /* Debug */ = {
			isa = XCBuildConfiguration;
			buildSettings = {
				BUNDLE_LOADER = "$(TEST_HOST)";
				CODE_SIGN_STYLE = Automatic;
				CURRENT_PROJECT_VERSION = 1;
				DEVELOPMENT_TEAM = A34739LVZN;
				GENERATE_INFOPLIST_FILE = YES;
				IPHONEOS_DEPLOYMENT_TARGET = 18.5;
				MARKETING_VERSION = 1.0;
				PRODUCT_BUNDLE_IDENTIFIER = com.mergisi.PromptPilot.PromptPilotTests;
				PRODUCT_NAME = "$(TARGET_NAME)";
				SWIFT_EMIT_LOC_STRINGS = NO;
				SWIFT_VERSION = 5.0;
				TARGETED_DEVICE_FAMILY = "1,2";
				TEST_HOST = "$(BUILT_PRODUCTS_DIR)/PromptPilot.app/$(BUNDLE_EXECUTABLE_FOLDER_PATH)/PromptPilot";
			};
			name = Debug;
		};
		1D76C48E2E401F24009481A3 /* Release */ = {
			isa = XCBuildConfiguration;
			buildSettings = {
				BUNDLE_LOADER = "$(TEST_HOST)";
				CODE_SIGN_STYLE = Automatic;
				CURRENT_PROJECT_VERSION = 1;
				DEVELOPMENT_TEAM = A34739LVZN;
				GENERATE_INFOPLIST_FILE = YES;
				IPHONEOS_DEPLOYMENT_TARGET = 18.5;
				MARKETING_VERSION = 1.0;
				PRODUCT_BUNDLE_IDENTIFIER = com.mergisi.PromptPilot.PromptPilotTests;
				PRODUCT_NAME = "$(TARGET_NAME)";
				SWIFT_EMIT_LOC_STRINGS = NO;
				SWIFT_VERSION = 5.0;
				TARGETED_DEVICE_FAMILY = "1,2";
				TEST_HOST = "$(BUILT_PRODUCTS_DIR)/PromptPilot.app/$(BUNDLE_EXECUTABLE_FOLDER_PATH)/PromptPilot";
			};
			name = Release;
		};
		1D76C4902E401F24009481A3 /* Debug */ = {
			isa = XCBuildConfiguration;
			buildSettings = {
				CODE_SIGN_STYLE = Automatic;
				CURRENT_PROJECT_VERSION = 1;
				DEVELOPMENT_TEAM = A34739LVZN;
				GENERATE_INFOPLIST_FILE = YES;
				MARKETING_VERSION = 1.0;
				PRODUCT_BUNDLE_IDENTIFIER = com.mergisi.PromptPilot.PromptPilotUITests;
				PRODUCT_NAME = "$(TARGET_NAME)";
				SWIFT_EMIT_LOC_STRINGS = NO;
				SWIFT_VERSION = 5.0;
				TARGETED_DEVICE_FAMILY = "1,2";
				TEST_TARGET_NAME = PromptPilot;
			};
			name = Debug;
		};
		1D76C4912E401F24009481A3 /* Release */ = {
			isa = XCBuildConfiguration;
			buildSettings = {
				CODE_SIGN_STYLE = Automatic;
				CURRENT_PROJECT_VERSION = 1;
				DEVELOPMENT_TEAM = A34739LVZN;
				GENERATE_INFOPLIST_FILE = YES;
				MARKETING_VERSION = 1.0;
				PRODUCT_BUNDLE_IDENTIFIER = com.mergisi.PromptPilot.PromptPilotUITests;
				PRODUCT_NAME = "$(TARGET_NAME)";
				SWIFT_EMIT_LOC_STRINGS = NO;
				SWIFT_VERSION = 5.0;
				TARGETED_DEVICE_FAMILY = "1,2";
				TEST_TARGET_NAME = PromptPilot;
			};
			name = Release;
		};
/* End XCBuildConfiguration section */

/* Begin XCConfigurationList section */
		1D76C45E2E401F22009481A3 /* Build configuration list for PBXProject "PromptPilot" */ = {
			isa = XCConfigurationList;
			buildConfigurations = (
				1D76C4872E401F24009481A3 /* Debug */,
				1D76C4882E401F24009481A3 /* Release */,
			);
			defaultConfigurationIsVisible = 0;
			defaultConfigurationName = Release;
		};
		1D76C4892E401F24009481A3 /* Build configuration list for PBXNativeTarget "PromptPilot" */ = {
			isa = XCConfigurationList;
			buildConfigurations = (
				1D76C48A2E401F24009481A3 /* Debug */,
				1D76C48B2E401F24009481A3 /* Release */,
			);
			defaultConfigurationIsVisible = 0;
			defaultConfigurationName = Release;
		};
		1D76C48C2E401F24009481A3 /* Build configuration list for PBXNativeTarget "PromptPilotTests" */ = {
			isa = XCConfigurationList;
			buildConfigurations = (
				1D76C48D2E401F24009481A3 /* Debug */,
				1D76C48E2E401F24009481A3 /* Release */,
			);
			defaultConfigurationIsVisible = 0;
			defaultConfigurationName = Release;
		};
		1D76C48F2E401F24009481A3 /* Build configuration list for PBXNativeTarget "PromptPilotUITests" */ = {
			isa = XCConfigurationList;
			buildConfigurations = (
				1D76C4902E401F24009481A3 /* Debug */,
				1D76C4912E401F24009481A3 /* Release */,
			);
			defaultConfigurationIsVisible = 0;
			defaultConfigurationName = Release;
		};
/* End XCConfigurationList section */

/* Begin XCRemoteSwiftPackageReference section */
		1D7D417E2E4B355700BFF451 /* XCRemoteSwiftPackageReference "clarity-apps" */ = {
			isa = XCRemoteSwiftPackageReference;
			repositoryURL = "https://github.com/microsoft/clarity-apps";
			requirement = {
				kind = upToNextMajorVersion;
				minimumVersion = 3.0.14;
			};
		};
/* End XCRemoteSwiftPackageReference section */

/* Begin XCSwiftPackageProductDependency section */
		1D7D41802E4B356800BFF451 /* Clarity */ = {
			isa = XCSwiftPackageProductDependency;
			package = 1D7D417E2E4B355700BFF451 /* XCRemoteSwiftPackageReference "clarity-apps" */;
			productName = Clarity;
		};
/* End XCSwiftPackageProductDependency section */
	};
	rootObject = 1D76C45B2E401F22009481A3 /* Project object */;
}
