{
  "originHash" : "a55a6d178db3bf7c3b274bb917f869400f6afd60c180a44f7e7258248f8fd77c",
  "pins" : [
    {
      "identity" : "clarity-apps",
      "kind" : "remoteSourceControl",
      "location" : "https://github.com/microsoft/clarity-apps",
      "state" : {
        "revision" : "cd39b380d78e5483fdeb62570434567ea6e73e31",
        "version" : "3.0.14"
      }
    },
    {
      "identity" : "mixpanel-swift",
      "kind" : "remoteSourceControl",
      "location" : "https://github.com/mixpanel/mixpanel-swift",
      "state" : {
        "revision" : "c550cbef7654e59d06bf9c224ea25f681dea8975",
        "version" : "4.4.0"
      }
    }
  ],
  "version" : 3
}
